
Microsoft Visual Studio Solution File, Format Version 12.00
# Visual Studio Version 17
VisualStudioVersion = 17.3.32825.248
MinimumVisualStudioVersion = 10.0.40219.1
Project("{9A19103F-16F7-4668-BE54-9A1E7A4F7556}") = "DecanatPRO", "DecanatPRO\DecanatPRO.csproj", "{528CEDA3-0E62-4147-892E-F1F7E8702BD8}"
EndProject
Project("{9A19103F-16F7-4668-BE54-9A1E7A4F7556}") = "Model", "Model\Model.csproj", "{A3E22204-72CD-447B-836C-406C75F32BF1}"
EndProject
Project("{9A19103F-16F7-4668-BE54-9A1E7A4F7556}") = "Business Logic", "Business Logic\Business Logic.csproj", "{72C56656-CE64-4581-B29B-83AAF0FD847E}"
EndProject
Project("{FAE04EC0-301F-11D3-BF4B-00C04F79EFBC}") = "Graph", "Graph\Graph.csproj", "{7CE58CA4-EC04-4EA5-B31A-8246D3590AE0}"
EndProject
Global
	GlobalSection(SolutionConfigurationPlatforms) = preSolution
		Debug|Any CPU = Debug|Any CPU
		Release|Any CPU = Release|Any CPU
	EndGlobalSection
	GlobalSection(ProjectConfigurationPlatforms) = postSolution
		{528CEDA3-0E62-4147-892E-F1F7E8702BD8}.Debug|Any CPU.ActiveCfg = Debug|Any CPU
		{528CEDA3-0E62-4147-892E-F1F7E8702BD8}.Debug|Any CPU.Build.0 = Debug|Any CPU
		{528CEDA3-0E62-4147-892E-F1F7E8702BD8}.Release|Any CPU.ActiveCfg = Release|Any CPU
		{528CEDA3-0E62-4147-892E-F1F7E8702BD8}.Release|Any CPU.Build.0 = Release|Any CPU
		{A3E22204-72CD-447B-836C-406C75F32BF1}.Debug|Any CPU.ActiveCfg = Debug|Any CPU
		{A3E22204-72CD-447B-836C-406C75F32BF1}.Debug|Any CPU.Build.0 = Debug|Any CPU
		{A3E22204-72CD-447B-836C-406C75F32BF1}.Release|Any CPU.ActiveCfg = Release|Any CPU
		{A3E22204-72CD-447B-836C-406C75F32BF1}.Release|Any CPU.Build.0 = Release|Any CPU
		{72C56656-CE64-4581-B29B-83AAF0FD847E}.Debug|Any CPU.ActiveCfg = Debug|Any CPU
		{72C56656-CE64-4581-B29B-83AAF0FD847E}.Debug|Any CPU.Build.0 = Debug|Any CPU
		{72C56656-CE64-4581-B29B-83AAF0FD847E}.Release|Any CPU.ActiveCfg = Release|Any CPU
		{72C56656-CE64-4581-B29B-83AAF0FD847E}.Release|Any CPU.Build.0 = Release|Any CPU
		{7CE58CA4-EC04-4EA5-B31A-8246D3590AE0}.Debug|Any CPU.ActiveCfg = Debug|Any CPU
		{7CE58CA4-EC04-4EA5-B31A-8246D3590AE0}.Debug|Any CPU.Build.0 = Debug|Any CPU
		{7CE58CA4-EC04-4EA5-B31A-8246D3590AE0}.Release|Any CPU.ActiveCfg = Release|Any CPU
		{7CE58CA4-EC04-4EA5-B31A-8246D3590AE0}.Release|Any CPU.Build.0 = Release|Any CPU
	EndGlobalSection
	GlobalSection(SolutionProperties) = preSolution
		HideSolutionNode = FALSE
	EndGlobalSection
	GlobalSection(ExtensibilityGlobals) = postSolution
		SolutionGuid = {A9E4B3F1-42F1-486D-9FDE-0D82B9552FD7}
	EndGlobalSection
EndGlobal
